
Microsoft Visual Studio Solution File, Format Version 12.00
# Visual Studio 2012
Project("{FAE04EC0-301F-11D3-BF4B-00C04F79EFBC}") = "Common", "Common\Common.csproj", "{772F2718-07BA-4ADC-922A-B5D3C7847B91}"
EndProject
Project("{FAE04EC0-301F-11D3-BF4B-00C04F79EFBC}") = "Tespia", "Tespia\Tespia.csproj", "{7CA2374F-5913-4B20-AC13-CFCC7C91CAAE}"
EndProject
Project("{FAE04EC0-301F-11D3-BF4B-00C04F79EFBC}") = "WvsLogin", "WvsLogin\WvsLogin.csproj", "{9675ABAD-5A98-4836-A608-87E693301EFD}"
EndProject
Project("{FAE04EC0-301F-11D3-BF4B-00C04F79EFBC}") = "WvsCenter", "WvsCenter\WvsCenter.csproj", "{D17B7DE7-7680-448C-AD65-A3D64C166C2B}"
EndProject
Global
	GlobalSection(SolutionConfigurationPlatforms) = preSolution
		Debug|Any CPU = Debug|Any CPU
		Release|Any CPU = Release|Any CPU
	EndGlobalSection
	GlobalSection(ProjectConfigurationPlatforms) = postSolution
		{772F2718-07BA-4ADC-922A-B5D3C7847B91}.Debug|Any CPU.ActiveCfg = Debug|Any CPU
		{772F2718-07BA-4ADC-922A-B5D3C7847B91}.Debug|Any CPU.Build.0 = Debug|Any CPU
		{772F2718-07BA-4ADC-922A-B5D3C7847B91}.Release|Any CPU.ActiveCfg = Release|Any CPU
		{772F2718-07BA-4ADC-922A-B5D3C7847B91}.Release|Any CPU.Build.0 = Release|Any CPU
		{7CA2374F-5913-4B20-AC13-CFCC7C91CAAE}.Debug|Any CPU.ActiveCfg = Debug|Any CPU
		{7CA2374F-5913-4B20-AC13-CFCC7C91CAAE}.Debug|Any CPU.Build.0 = Debug|Any CPU
		{7CA2374F-5913-4B20-AC13-CFCC7C91CAAE}.Release|Any CPU.ActiveCfg = Release|Any CPU
		{7CA2374F-5913-4B20-AC13-CFCC7C91CAAE}.Release|Any CPU.Build.0 = Release|Any CPU
		{9675ABAD-5A98-4836-A608-87E693301EFD}.Debug|Any CPU.ActiveCfg = Debug|Any CPU
		{9675ABAD-5A98-4836-A608-87E693301EFD}.Debug|Any CPU.Build.0 = Debug|Any CPU
		{9675ABAD-5A98-4836-A608-87E693301EFD}.Release|Any CPU.ActiveCfg = Release|Any CPU
		{9675ABAD-5A98-4836-A608-87E693301EFD}.Release|Any CPU.Build.0 = Release|Any CPU
		{D17B7DE7-7680-448C-AD65-A3D64C166C2B}.Debug|Any CPU.ActiveCfg = Debug|Any CPU
		{D17B7DE7-7680-448C-AD65-A3D64C166C2B}.Debug|Any CPU.Build.0 = Debug|Any CPU
		{D17B7DE7-7680-448C-AD65-A3D64C166C2B}.Release|Any CPU.ActiveCfg = Release|Any CPU
		{D17B7DE7-7680-448C-AD65-A3D64C166C2B}.Release|Any CPU.Build.0 = Release|Any CPU
	EndGlobalSection
	GlobalSection(SolutionProperties) = preSolution
		HideSolutionNode = FALSE
	EndGlobalSection
EndGlobal
