
Microsoft Visual Studio Solution File, Format Version 12.00
# Visual Studio 2012
Project("{FAE04EC0-301F-11D3-BF4B-00C04F79EFBC}") = "Common", "Common\Common.csproj", "{772F2718-07BA-4ADC-922A-B5D3C7847B91}"
EndProject
Project("{FAE04EC0-301F-11D3-BF4B-00C04F79EFBC}") = "RajanMS", "RajanMS\RajanMS.csproj", "{CFAF4738-4FDC-4524-9288-FDDB54281CF3}"
EndProject
Global
	GlobalSection(SolutionConfigurationPlatforms) = preSolution
		Debug|Any CPU = Debug|Any CPU
		Release|Any CPU = Release|Any CPU
	EndGlobalSection
	GlobalSection(ProjectConfigurationPlatforms) = postSolution
		{772F2718-07BA-4ADC-922A-B5D3C7847B91}.Debug|Any CPU.ActiveCfg = Debug|Any CPU
		{772F2718-07BA-4ADC-922A-B5D3C7847B91}.Debug|Any CPU.Build.0 = Debug|Any CPU
		{772F2718-07BA-4ADC-922A-B5D3C7847B91}.Release|Any CPU.ActiveCfg = Release|Any CPU
		{772F2718-07BA-4ADC-922A-B5D3C7847B91}.Release|Any CPU.Build.0 = Release|Any CPU
		{CFAF4738-4FDC-4524-9288-FDDB54281CF3}.Debug|Any CPU.ActiveCfg = Debug|Any CPU
		{CFAF4738-4FDC-4524-9288-FDDB54281CF3}.Debug|Any CPU.Build.0 = Debug|Any CPU
		{CFAF4738-4FDC-4524-9288-FDDB54281CF3}.Release|Any CPU.ActiveCfg = Release|Any CPU
		{CFAF4738-4FDC-4524-9288-FDDB54281CF3}.Release|Any CPU.Build.0 = Release|Any CPU
	EndGlobalSection
	GlobalSection(SolutionProperties) = preSolution
		HideSolutionNode = FALSE
	EndGlobalSection
EndGlobal
